
Microsoft Visual Studio Solution File, Format Version 12.00
# Visual Studio Version 16
VisualStudioVersion = 16.0.28315.86
MinimumVisualStudioVersion = 10.0.40219.1
Project("{2150E333-8FDC-42A3-9474-1A3956D46DE8}") = "Engine", "Engine", "{94A6C6F3-99B3-346E-9557-ABF9D4064DBD}"
EndProject
Project("{2150E333-8FDC-42A3-9474-1A3956D46DE8}") = "Games", "Games", "{8E2F6A87-1826-34F4-940C-CC23A48F9FE4}"
EndProject
Project("{8BC9CEB8-8B4A-11D0-8D11-00A0C91BC942}") = "DataGen", "Intermediate\ProjectFiles\DataGen.vcxproj", "{33A56C23-F612-4F69-9007-D02B98B42EAE}"
EndProject
Project("{8BC9CEB8-8B4A-11D0-8D11-00A0C91BC942}") = "UE4", "Intermediate\ProjectFiles\UE4.vcxproj", "{E5D120CB-77D5-4CA6-B7B5-C00371E4B872}"
EndProject
Project("{2150E333-8FDC-42A3-9474-1A3956D46DE8}") = "Visualizers", "Visualizers", "{1CCEC849-CC72-4C59-8C36-2F7C38706D4C}"
	ProjectSection(SolutionItems) = preProject
		..\..\..\Tools\UE_4.26\Engine\Extras\VisualStudioDebugging\UE4.natvis = ..\..\..\Tools\UE_4.26\Engine\Extras\VisualStudioDebugging\UE4.natvis
	EndProjectSection
EndProject
Global
	GlobalSection(SolutionConfigurationPlatforms) = preSolution
		DebugGame Editor|Win32 = DebugGame Editor|Win32
		DebugGame Editor|Win64 = DebugGame Editor|Win64
		DebugGame|Win32 = DebugGame|Win32
		DebugGame|Win64 = DebugGame|Win64
		Development Editor|Win32 = Development Editor|Win32
		Development Editor|Win64 = Development Editor|Win64
		Development|Win32 = Development|Win32
		Development|Win64 = Development|Win64
		Shipping|Win32 = Shipping|Win32
		Shipping|Win64 = Shipping|Win64
	EndGlobalSection
	GlobalSection(ProjectConfigurationPlatforms) = postSolution
		{33A56C23-F612-4F69-9007-D02B98B42EAE}.DebugGame Editor|Win32.ActiveCfg = Invalid|Win32
		{33A56C23-F612-4F69-9007-D02B98B42EAE}.DebugGame Editor|Win64.ActiveCfg = DebugGame_Editor|x64
		{33A56C23-F612-4F69-9007-D02B98B42EAE}.DebugGame Editor|Win64.Build.0 = DebugGame_Editor|x64
		{33A56C23-F612-4F69-9007-D02B98B42EAE}.DebugGame|Win32.ActiveCfg = DebugGame|Win32
		{33A56C23-F612-4F69-9007-D02B98B42EAE}.DebugGame|Win32.Build.0 = DebugGame|Win32
		{33A56C23-F612-4F69-9007-D02B98B42EAE}.DebugGame|Win64.ActiveCfg = DebugGame|x64
		{33A56C23-F612-4F69-9007-D02B98B42EAE}.DebugGame|Win64.Build.0 = DebugGame|x64
		{33A56C23-F612-4F69-9007-D02B98B42EAE}.Development Editor|Win32.ActiveCfg = Invalid|Win32
		{33A56C23-F612-4F69-9007-D02B98B42EAE}.Development Editor|Win64.ActiveCfg = Development_Editor|x64
		{33A56C23-F612-4F69-9007-D02B98B42EAE}.Development Editor|Win64.Build.0 = Development_Editor|x64
		{33A56C23-F612-4F69-9007-D02B98B42EAE}.Development|Win32.ActiveCfg = Development|Win32
		{33A56C23-F612-4F69-9007-D02B98B42EAE}.Development|Win32.Build.0 = Development|Win32
		{33A56C23-F612-4F69-9007-D02B98B42EAE}.Development|Win64.ActiveCfg = Development|x64
		{33A56C23-F612-4F69-9007-D02B98B42EAE}.Development|Win64.Build.0 = Development|x64
		{33A56C23-F612-4F69-9007-D02B98B42EAE}.Shipping|Win32.ActiveCfg = Shipping|Win32
		{33A56C23-F612-4F69-9007-D02B98B42EAE}.Shipping|Win32.Build.0 = Shipping|Win32
		{33A56C23-F612-4F69-9007-D02B98B42EAE}.Shipping|Win64.ActiveCfg = Shipping|x64
		{33A56C23-F612-4F69-9007-D02B98B42EAE}.Shipping|Win64.Build.0 = Shipping|x64
		{E5D120CB-77D5-4CA6-B7B5-C00371E4B872}.DebugGame Editor|Win32.ActiveCfg = BuiltWithUnrealBuildTool|Win32
		{E5D120CB-77D5-4CA6-B7B5-C00371E4B872}.DebugGame Editor|Win64.ActiveCfg = BuiltWithUnrealBuildTool|Win32
		{E5D120CB-77D5-4CA6-B7B5-C00371E4B872}.DebugGame|Win32.ActiveCfg = BuiltWithUnrealBuildTool|Win32
		{E5D120CB-77D5-4CA6-B7B5-C00371E4B872}.DebugGame|Win64.ActiveCfg = BuiltWithUnrealBuildTool|Win32
		{E5D120CB-77D5-4CA6-B7B5-C00371E4B872}.Development Editor|Win32.ActiveCfg = BuiltWithUnrealBuildTool|Win32
		{E5D120CB-77D5-4CA6-B7B5-C00371E4B872}.Development Editor|Win64.ActiveCfg = BuiltWithUnrealBuildTool|Win32
		{E5D120CB-77D5-4CA6-B7B5-C00371E4B872}.Development|Win32.ActiveCfg = BuiltWithUnrealBuildTool|Win32
		{E5D120CB-77D5-4CA6-B7B5-C00371E4B872}.Development|Win64.ActiveCfg = BuiltWithUnrealBuildTool|Win32
		{E5D120CB-77D5-4CA6-B7B5-C00371E4B872}.Shipping|Win32.ActiveCfg = BuiltWithUnrealBuildTool|Win32
		{E5D120CB-77D5-4CA6-B7B5-C00371E4B872}.Shipping|Win64.ActiveCfg = BuiltWithUnrealBuildTool|Win32
	EndGlobalSection
	GlobalSection(SolutionProperties) = preSolution
		HideSolutionNode = FALSE
	EndGlobalSection
	GlobalSection(NestedProjects) = preSolution
		{E5D120CB-77D5-4CA6-B7B5-C00371E4B872} = {94A6C6F3-99B3-346E-9557-ABF9D4064DBD}
		{33A56C23-F612-4F69-9007-D02B98B42EAE} = {8E2F6A87-1826-34F4-940C-CC23A48F9FE4}
	EndGlobalSection
EndGlobal
